
Microsoft Visual Studio Solution File, Format Version 12.00
# Visual Studio Version 17
VisualStudioVersion = 17.2.32616.157
MinimumVisualStudioVersion = 10.0.40219.1
Project("{FAE04EC0-301F-11D3-BF4B-00C04F79EFBC}") = "practica nocturna", "practica nocturna\practica nocturna.csproj", "{8238444E-382D-4241-BA63-ED88FD884D06}"
EndProject
Global
	GlobalSection(SolutionConfigurationPlatforms) = preSolution
		Debug|Any CPU = Debug|Any CPU
		Release|Any CPU = Release|Any CPU
	EndGlobalSection
	GlobalSection(ProjectConfigurationPlatforms) = postSolution
		{8238444E-382D-4241-BA63-ED88FD884D06}.Debug|Any CPU.ActiveCfg = Debug|Any CPU
		{8238444E-382D-4241-BA63-ED88FD884D06}.Debug|Any CPU.Build.0 = Debug|Any CPU
		{8238444E-382D-4241-BA63-ED88FD884D06}.Release|Any CPU.ActiveCfg = Release|Any CPU
		{8238444E-382D-4241-BA63-ED88FD884D06}.Release|Any CPU.Build.0 = Release|Any CPU
	EndGlobalSection
	GlobalSection(SolutionProperties) = preSolution
		HideSolutionNode = FALSE
	EndGlobalSection
	GlobalSection(ExtensibilityGlobals) = postSolution
		SolutionGuid = {39DFBAF5-3906-4729-B9D5-F9D93C5C5942}
	EndGlobalSection
EndGlobal
